
Microsoft Visual Studio Solution File, Format Version 12.00
# Visual Studio Version 17
VisualStudioVersion = 17.2.32505.173
MinimumVisualStudioVersion = 10.0.40219.1
Project("{8BC9CEB8-8B4A-11D0-8D11-00A0C91BC942}") = "Task_1", "Task_1\Task_1.vcxproj", "{FBABE55D-B01D-4E1A-BE93-C5307FFB77C6}"
EndProject
Project("{8BC9CEB8-8B4A-11D0-8D11-00A0C91BC942}") = "Task_2", "Task_2\Task_2.vcxproj", "{B250FB21-4E8A-4651-B3D9-229A4D0B1BD1}"
EndProject
Project("{8BC9CEB8-8B4A-11D0-8D11-00A0C91BC942}") = "Task_3", "Task_3\Task_3.vcxproj", "{9CA13D4E-8214-4129-A347-32F184F3DC34}"
EndProject
Project("{8BC9CEB8-8B4A-11D0-8D11-00A0C91BC942}") = "Task_4", "Task_4\Task_4.vcxproj", "{9934DE39-82C4-4643-BDB1-6440CA63EB79}"
EndProject
Project("{8BC9CEB8-8B4A-11D0-8D11-00A0C91BC942}") = "Task_5", "Task_5\Task_5.vcxproj", "{3D180FE6-BA8A-44D7-A373-DA941B765597}"
EndProject
Project("{8BC9CEB8-8B4A-11D0-8D11-00A0C91BC942}") = "Task_6", "Task_6\Task_6.vcxproj", "{E208CADC-F307-4F52-B9AC-DF6074EDD967}"
EndProject
Project("{8BC9CEB8-8B4A-11D0-8D11-00A0C91BC942}") = "Task_7", "Task_7\Task_7.vcxproj", "{37111825-55FE-4A6D-9958-3E2AFAF9EFB1}"
EndProject
Project("{8BC9CEB8-8B4A-11D0-8D11-00A0C91BC942}") = "Task_8", "Task_8\Task_8.vcxproj", "{BDB994F0-A0F7-48C5-B77C-7D33E19ACDC2}"
EndProject
Project("{8BC9CEB8-8B4A-11D0-8D11-00A0C91BC942}") = "Task_9", "Task_9\Task_9.vcxproj", "{D7B305CA-6BB8-48A8-92C3-50B6FA0E953A}"
EndProject
Global
	GlobalSection(SolutionConfigurationPlatforms) = preSolution
		Debug|x64 = Debug|x64
		Debug|x86 = Debug|x86
		Release|x64 = Release|x64
		Release|x86 = Release|x86
	EndGlobalSection
	GlobalSection(ProjectConfigurationPlatforms) = postSolution
		{FBABE55D-B01D-4E1A-BE93-C5307FFB77C6}.Debug|x64.ActiveCfg = Debug|x64
		{FBABE55D-B01D-4E1A-BE93-C5307FFB77C6}.Debug|x64.Build.0 = Debug|x64
		{FBABE55D-B01D-4E1A-BE93-C5307FFB77C6}.Debug|x86.ActiveCfg = Debug|Win32
		{FBABE55D-B01D-4E1A-BE93-C5307FFB77C6}.Debug|x86.Build.0 = Debug|Win32
		{FBABE55D-B01D-4E1A-BE93-C5307FFB77C6}.Release|x64.ActiveCfg = Release|x64
		{FBABE55D-B01D-4E1A-BE93-C5307FFB77C6}.Release|x64.Build.0 = Release|x64
		{FBABE55D-B01D-4E1A-BE93-C5307FFB77C6}.Release|x86.ActiveCfg = Release|Win32
		{FBABE55D-B01D-4E1A-BE93-C5307FFB77C6}.Release|x86.Build.0 = Release|Win32
		{B250FB21-4E8A-4651-B3D9-229A4D0B1BD1}.Debug|x64.ActiveCfg = Debug|x64
		{B250FB21-4E8A-4651-B3D9-229A4D0B1BD1}.Debug|x64.Build.0 = Debug|x64
		{B250FB21-4E8A-4651-B3D9-229A4D0B1BD1}.Debug|x86.ActiveCfg = Debug|Win32
		{B250FB21-4E8A-4651-B3D9-229A4D0B1BD1}.Debug|x86.Build.0 = Debug|Win32
		{B250FB21-4E8A-4651-B3D9-229A4D0B1BD1}.Release|x64.ActiveCfg = Release|x64
		{B250FB21-4E8A-4651-B3D9-229A4D0B1BD1}.Release|x64.Build.0 = Release|x64
		{B250FB21-4E8A-4651-B3D9-229A4D0B1BD1}.Release|x86.ActiveCfg = Release|Win32
		{B250FB21-4E8A-4651-B3D9-229A4D0B1BD1}.Release|x86.Build.0 = Release|Win32
		{9CA13D4E-8214-4129-A347-32F184F3DC34}.Debug|x64.ActiveCfg = Debug|x64
		{9CA13D4E-8214-4129-A347-32F184F3DC34}.Debug|x64.Build.0 = Debug|x64
		{9CA13D4E-8214-4129-A347-32F184F3DC34}.Debug|x86.ActiveCfg = Debug|Win32
		{9CA13D4E-8214-4129-A347-32F184F3DC34}.Debug|x86.Build.0 = Debug|Win32
		{9CA13D4E-8214-4129-A347-32F184F3DC34}.Release|x64.ActiveCfg = Release|x64
		{9CA13D4E-8214-4129-A347-32F184F3DC34}.Release|x64.Build.0 = Release|x64
		{9CA13D4E-8214-4129-A347-32F184F3DC34}.Release|x86.ActiveCfg = Release|Win32
		{9CA13D4E-8214-4129-A347-32F184F3DC34}.Release|x86.Build.0 = Release|Win32
		{9934DE39-82C4-4643-BDB1-6440CA63EB79}.Debug|x64.ActiveCfg = Debug|x64
		{9934DE39-82C4-4643-BDB1-6440CA63EB79}.Debug|x64.Build.0 = Debug|x64
		{9934DE39-82C4-4643-BDB1-6440CA63EB79}.Debug|x86.ActiveCfg = Debug|Win32
		{9934DE39-82C4-4643-BDB1-6440CA63EB79}.Debug|x86.Build.0 = Debug|Win32
		{9934DE39-82C4-4643-BDB1-6440CA63EB79}.Release|x64.ActiveCfg = Release|x64
		{9934DE39-82C4-4643-BDB1-6440CA63EB79}.Release|x64.Build.0 = Release|x64
		{9934DE39-82C4-4643-BDB1-6440CA63EB79}.Release|x86.ActiveCfg = Release|Win32
		{9934DE39-82C4-4643-BDB1-6440CA63EB79}.Release|x86.Build.0 = Release|Win32
		{3D180FE6-BA8A-44D7-A373-DA941B765597}.Debug|x64.ActiveCfg = Debug|x64
		{3D180FE6-BA8A-44D7-A373-DA941B765597}.Debug|x64.Build.0 = Debug|x64
		{3D180FE6-BA8A-44D7-A373-DA941B765597}.Debug|x86.ActiveCfg = Debug|Win32
		{3D180FE6-BA8A-44D7-A373-DA941B765597}.Debug|x86.Build.0 = Debug|Win32
		{3D180FE6-BA8A-44D7-A373-DA941B765597}.Release|x64.ActiveCfg = Release|x64
		{3D180FE6-BA8A-44D7-A373-DA941B765597}.Release|x64.Build.0 = Release|x64
		{3D180FE6-BA8A-44D7-A373-DA941B765597}.Release|x86.ActiveCfg = Release|Win32
		{3D180FE6-BA8A-44D7-A373-DA941B765597}.Release|x86.Build.0 = Release|Win32
		{E208CADC-F307-4F52-B9AC-DF6074EDD967}.Debug|x64.ActiveCfg = Debug|x64
		{E208CADC-F307-4F52-B9AC-DF6074EDD967}.Debug|x64.Build.0 = Debug|x64
		{E208CADC-F307-4F52-B9AC-DF6074EDD967}.Debug|x86.ActiveCfg = Debug|Win32
		{E208CADC-F307-4F52-B9AC-DF6074EDD967}.Debug|x86.Build.0 = Debug|Win32
		{E208CADC-F307-4F52-B9AC-DF6074EDD967}.Release|x64.ActiveCfg = Release|x64
		{E208CADC-F307-4F52-B9AC-DF6074EDD967}.Release|x64.Build.0 = Release|x64
		{E208CADC-F307-4F52-B9AC-DF6074EDD967}.Release|x86.ActiveCfg = Release|Win32
		{E208CADC-F307-4F52-B9AC-DF6074EDD967}.Release|x86.Build.0 = Release|Win32
		{37111825-55FE-4A6D-9958-3E2AFAF9EFB1}.Debug|x64.ActiveCfg = Debug|x64
		{37111825-55FE-4A6D-9958-3E2AFAF9EFB1}.Debug|x64.Build.0 = Debug|x64
		{37111825-55FE-4A6D-9958-3E2AFAF9EFB1}.Debug|x86.ActiveCfg = Debug|Win32
		{37111825-55FE-4A6D-9958-3E2AFAF9EFB1}.Debug|x86.Build.0 = Debug|Win32
		{37111825-55FE-4A6D-9958-3E2AFAF9EFB1}.Release|x64.ActiveCfg = Release|x64
		{37111825-55FE-4A6D-9958-3E2AFAF9EFB1}.Release|x64.Build.0 = Release|x64
		{37111825-55FE-4A6D-9958-3E2AFAF9EFB1}.Release|x86.ActiveCfg = Release|Win32
		{37111825-55FE-4A6D-9958-3E2AFAF9EFB1}.Release|x86.Build.0 = Release|Win32
		{BDB994F0-A0F7-48C5-B77C-7D33E19ACDC2}.Debug|x64.ActiveCfg = Debug|x64
		{BDB994F0-A0F7-48C5-B77C-7D33E19ACDC2}.Debug|x64.Build.0 = Debug|x64
		{BDB994F0-A0F7-48C5-B77C-7D33E19ACDC2}.Debug|x86.ActiveCfg = Debug|Win32
		{BDB994F0-A0F7-48C5-B77C-7D33E19ACDC2}.Debug|x86.Build.0 = Debug|Win32
		{BDB994F0-A0F7-48C5-B77C-7D33E19ACDC2}.Release|x64.ActiveCfg = Release|x64
		{BDB994F0-A0F7-48C5-B77C-7D33E19ACDC2}.Release|x64.Build.0 = Release|x64
		{BDB994F0-A0F7-48C5-B77C-7D33E19ACDC2}.Release|x86.ActiveCfg = Release|Win32
		{BDB994F0-A0F7-48C5-B77C-7D33E19ACDC2}.Release|x86.Build.0 = Release|Win32
		{D7B305CA-6BB8-48A8-92C3-50B6FA0E953A}.Debug|x64.ActiveCfg = Debug|x64
		{D7B305CA-6BB8-48A8-92C3-50B6FA0E953A}.Debug|x64.Build.0 = Debug|x64
		{D7B305CA-6BB8-48A8-92C3-50B6FA0E953A}.Debug|x86.ActiveCfg = Debug|Win32
		{D7B305CA-6BB8-48A8-92C3-50B6FA0E953A}.Debug|x86.Build.0 = Debug|Win32
		{D7B305CA-6BB8-48A8-92C3-50B6FA0E953A}.Release|x64.ActiveCfg = Release|x64
		{D7B305CA-6BB8-48A8-92C3-50B6FA0E953A}.Release|x64.Build.0 = Release|x64
		{D7B305CA-6BB8-48A8-92C3-50B6FA0E953A}.Release|x86.ActiveCfg = Release|Win32
		{D7B305CA-6BB8-48A8-92C3-50B6FA0E953A}.Release|x86.Build.0 = Release|Win32
	EndGlobalSection
	GlobalSection(SolutionProperties) = preSolution
		HideSolutionNode = FALSE
	EndGlobalSection
	GlobalSection(ExtensibilityGlobals) = postSolution
		SolutionGuid = {03475590-83FC-49E7-A835-6F4A8618C693}
	EndGlobalSection
EndGlobal
